
Microsoft Visual Studio Solution File, Format Version 12.00
# Visual Studio Version 17
VisualStudioVersion = 17.10.34928.147
MinimumVisualStudioVersion = 10.0.40219.1
Project("{FAE04EC0-301F-11D3-BF4B-00C04F79EFBC}") = "Level 16 Classes&Objects", "Level 16 Classes&Objects.csproj", "{F3073836-9A68-482F-BC47-7114CAD52A01}"
EndProject
Global
	GlobalSection(SolutionConfigurationPlatforms) = preSolution
		Debug|Any CPU = Debug|Any CPU
		Release|Any CPU = Release|Any CPU
	EndGlobalSection
	GlobalSection(ProjectConfigurationPlatforms) = postSolution
		{F3073836-9A68-482F-BC47-7114CAD52A01}.Debug|Any CPU.ActiveCfg = Debug|Any CPU
		{F3073836-9A68-482F-BC47-7114CAD52A01}.Debug|Any CPU.Build.0 = Debug|Any CPU
		{F3073836-9A68-482F-BC47-7114CAD52A01}.Release|Any CPU.ActiveCfg = Release|Any CPU
		{F3073836-9A68-482F-BC47-7114CAD52A01}.Release|Any CPU.Build.0 = Release|Any CPU
	EndGlobalSection
	GlobalSection(SolutionProperties) = preSolution
		HideSolutionNode = FALSE
	EndGlobalSection
	GlobalSection(ExtensibilityGlobals) = postSolution
		SolutionGuid = {CC04BA5D-12DC-407A-89D0-BF047D829CF5}
	EndGlobalSection
EndGlobal
